
Microsoft Visual Studio Solution File, Format Version 12.00
# Visual Studio 15
VisualStudioVersion = 15.0.28307.271
MinimumVisualStudioVersion = 10.0.40219.1
Project("{FAE04EC0-301F-11D3-BF4B-00C04F79EFBC}") = "Discord.WordGraffiti", "Discord.WordGraffiti\Discord.WordGraffiti.csproj", "{7114F0D3-7CA5-46B7-A2A0-90EA1525F377}"
EndProject
Global
	GlobalSection(SolutionConfigurationPlatforms) = preSolution
		Debug|Any CPU = Debug|Any CPU
		Release|Any CPU = Release|Any CPU
	EndGlobalSection
	GlobalSection(ProjectConfigurationPlatforms) = postSolution
		{7114F0D3-7CA5-46B7-A2A0-90EA1525F377}.Debug|Any CPU.ActiveCfg = Debug|Any CPU
		{7114F0D3-7CA5-46B7-A2A0-90EA1525F377}.Debug|Any CPU.Build.0 = Debug|Any CPU
		{7114F0D3-7CA5-46B7-A2A0-90EA1525F377}.Release|Any CPU.ActiveCfg = Release|Any CPU
		{7114F0D3-7CA5-46B7-A2A0-90EA1525F377}.Release|Any CPU.Build.0 = Release|Any CPU
	EndGlobalSection
	GlobalSection(SolutionProperties) = preSolution
		HideSolutionNode = FALSE
	EndGlobalSection
	GlobalSection(ExtensibilityGlobals) = postSolution
		SolutionGuid = {AFFED337-C261-44FD-B0DF-788DD5CFDB89}
	EndGlobalSection
EndGlobal
